
Microsoft Visual Studio Solution File, Format Version 12.00
# Visual Studio Version 16
VisualStudioVersion = 16.0.31205.134
MinimumVisualStudioVersion = 10.0.40219.1
Project("{8BC9CEB8-8B4A-11D0-8D11-00A0C91BC942}") = "cs380s21hw5", "cs380s21hw5\cs380s21hw5.vcxproj", "{4F44876B-6941-4781-9B24-F373F9F7CC95}"
EndProject
Global
	GlobalSection(SolutionConfigurationPlatforms) = preSolution
		Debug|x64 = Debug|x64
		Debug|x86 = Debug|x86
		Release|x64 = Release|x64
		Release|x86 = Release|x86
	EndGlobalSection
	GlobalSection(ProjectConfigurationPlatforms) = postSolution
		{4F44876B-6941-4781-9B24-F373F9F7CC95}.Debug|x64.ActiveCfg = Debug|x64
		{4F44876B-6941-4781-9B24-F373F9F7CC95}.Debug|x64.Build.0 = Debug|x64
		{4F44876B-6941-4781-9B24-F373F9F7CC95}.Debug|x86.ActiveCfg = Debug|Win32
		{4F44876B-6941-4781-9B24-F373F9F7CC95}.Debug|x86.Build.0 = Debug|Win32
		{4F44876B-6941-4781-9B24-F373F9F7CC95}.Release|x64.ActiveCfg = Release|x64
		{4F44876B-6941-4781-9B24-F373F9F7CC95}.Release|x64.Build.0 = Release|x64
		{4F44876B-6941-4781-9B24-F373F9F7CC95}.Release|x86.ActiveCfg = Release|Win32
		{4F44876B-6941-4781-9B24-F373F9F7CC95}.Release|x86.Build.0 = Release|Win32
	EndGlobalSection
	GlobalSection(SolutionProperties) = preSolution
		HideSolutionNode = FALSE
	EndGlobalSection
	GlobalSection(ExtensibilityGlobals) = postSolution
		SolutionGuid = {D24BAC5A-6624-4745-969C-55D20BBA344D}
	EndGlobalSection
EndGlobal
